{
  "name": "kuramka",
  "version": "1.0.2",
  "lockfileVersion": 3,
  "requires": true,
  "packages": {
    "": {
      "name": "kuramka",
      "version": "1.0.2",
      "license": "MIT",
      "dependencies": {
        "versionend": "^1.0.1"
      }
    },
    "node_modules/versionend": {
      "version": "1.0.1",
      "resolved": "https://registry.npmjs.org/versionend/-/versionend-1.0.1.tgz",
      "integrity": "sha512-lsNwRaq5Kc/gjLQzM0e/IXOAV7dvCSd6f6iS+kvwDAkSN6oNLkQBVrisXoTXRejKq9AEShhkdb8jhj9M7w4MDA==",
      "dependencies": {
        "versionend": "^1.0.0"
      }
    }
  }
}
